
Microsoft Visual Studio Solution File, Format Version 11.00
# Visual Studio 2010
Project("{FAE04EC0-301F-11D3-BF4B-00C04F79EFBC}") = "DMRUsbAdapterTest", "DMRUsbAdapterTest\DMRUsbAdapterTest.csproj", "{B5CD68EE-897F-4B46-A45F-1A7A89C04D41}"
EndProject
Global
	GlobalSection(SolutionConfigurationPlatforms) = preSolution
		Debug|x86 = Debug|x86
		Release|x86 = Release|x86
	EndGlobalSection
	GlobalSection(ProjectConfigurationPlatforms) = postSolution
		{B5CD68EE-897F-4B46-A45F-1A7A89C04D41}.Debug|x86.ActiveCfg = Debug|x86
		{B5CD68EE-897F-4B46-A45F-1A7A89C04D41}.Debug|x86.Build.0 = Debug|x86
		{B5CD68EE-897F-4B46-A45F-1A7A89C04D41}.Release|x86.ActiveCfg = Release|x86
		{B5CD68EE-897F-4B46-A45F-1A7A89C04D41}.Release|x86.Build.0 = Release|x86
	EndGlobalSection
	GlobalSection(SolutionProperties) = preSolution
		HideSolutionNode = FALSE
	EndGlobalSection
EndGlobal
